
Microsoft Visual Studio Solution File, Format Version 12.00
# Visual Studio Version 16
VisualStudioVersion = 16.0.31729.503
MinimumVisualStudioVersion = 10.0.40219.1
Project("{FAE04EC0-301F-11D3-BF4B-00C04F79EFBC}") = "lab3", "lab3\lab3.csproj", "{152F1D55-7E83-4D97-ACC6-36E68A72B50A}"
EndProject
Global
	GlobalSection(SolutionConfigurationPlatforms) = preSolution
		Debug|Any CPU = Debug|Any CPU
		Release|Any CPU = Release|Any CPU
	EndGlobalSection
	GlobalSection(ProjectConfigurationPlatforms) = postSolution
		{152F1D55-7E83-4D97-ACC6-36E68A72B50A}.Debug|Any CPU.ActiveCfg = Debug|Any CPU
		{152F1D55-7E83-4D97-ACC6-36E68A72B50A}.Debug|Any CPU.Build.0 = Debug|Any CPU
		{152F1D55-7E83-4D97-ACC6-36E68A72B50A}.Release|Any CPU.ActiveCfg = Release|Any CPU
		{152F1D55-7E83-4D97-ACC6-36E68A72B50A}.Release|Any CPU.Build.0 = Release|Any CPU
	EndGlobalSection
	GlobalSection(SolutionProperties) = preSolution
		HideSolutionNode = FALSE
	EndGlobalSection
	GlobalSection(ExtensibilityGlobals) = postSolution
		SolutionGuid = {B476DD7B-6DD6-48B5-A3EB-23C37C890143}
	EndGlobalSection
EndGlobal
